
Microsoft Visual Studio Solution File, Format Version 12.00
# Visual Studio Version 17
VisualStudioVersion = 17.3.32825.248
MinimumVisualStudioVersion = 10.0.40219.1
Project("{FAE04EC0-301F-11D3-BF4B-00C04F79EFBC}") = "What Happened", "What Happened\What Happened.csproj", "{CC3EEA30-2091-4E5D-A2F9-E47F61692B75}"
EndProject
Global
	GlobalSection(SolutionConfigurationPlatforms) = preSolution
		Debug|Any CPU = Debug|Any CPU
		Release|Any CPU = Release|Any CPU
	EndGlobalSection
	GlobalSection(ProjectConfigurationPlatforms) = postSolution
		{CC3EEA30-2091-4E5D-A2F9-E47F61692B75}.Debug|Any CPU.ActiveCfg = Debug|Any CPU
		{CC3EEA30-2091-4E5D-A2F9-E47F61692B75}.Debug|Any CPU.Build.0 = Debug|Any CPU
		{CC3EEA30-2091-4E5D-A2F9-E47F61692B75}.Release|Any CPU.ActiveCfg = Release|Any CPU
		{CC3EEA30-2091-4E5D-A2F9-E47F61692B75}.Release|Any CPU.Build.0 = Release|Any CPU
	EndGlobalSection
	GlobalSection(SolutionProperties) = preSolution
		HideSolutionNode = FALSE
	EndGlobalSection
	GlobalSection(ExtensibilityGlobals) = postSolution
		SolutionGuid = {548A4ACD-E794-424C-A4E5-F5FCB1C805CC}
	EndGlobalSection
EndGlobal
