
Microsoft Visual Studio Solution File, Format Version 12.00
# Visual Studio Version 17
VisualStudioVersion = 17.3.32825.248
MinimumVisualStudioVersion = 10.0.40219.1
Project("{FAE04EC0-301F-11D3-BF4B-00C04F79EFBC}") = "MyCountdownEvent", "MyCountdownEvent\MyCountdownEvent.csproj", "{8251005C-CA01-4E77-9B8E-900FB828F35D}"
EndProject
Global
	GlobalSection(SolutionConfigurationPlatforms) = preSolution
		Debug|Any CPU = Debug|Any CPU
		Release|Any CPU = Release|Any CPU
	EndGlobalSection
	GlobalSection(ProjectConfigurationPlatforms) = postSolution
		{8251005C-CA01-4E77-9B8E-900FB828F35D}.Debug|Any CPU.ActiveCfg = Debug|Any CPU
		{8251005C-CA01-4E77-9B8E-900FB828F35D}.Debug|Any CPU.Build.0 = Debug|Any CPU
		{8251005C-CA01-4E77-9B8E-900FB828F35D}.Release|Any CPU.ActiveCfg = Release|Any CPU
		{8251005C-CA01-4E77-9B8E-900FB828F35D}.Release|Any CPU.Build.0 = Release|Any CPU
	EndGlobalSection
	GlobalSection(SolutionProperties) = preSolution
		HideSolutionNode = FALSE
	EndGlobalSection
	GlobalSection(ExtensibilityGlobals) = postSolution
		SolutionGuid = {1592AA64-AD48-4372-9E53-56D1C00BC55C}
	EndGlobalSection
EndGlobal
