
Microsoft Visual Studio Solution File, Format Version 12.00
# Visual Studio Version 17
VisualStudioVersion = 17.3.32825.248
MinimumVisualStudioVersion = 10.0.40219.1
Project("{FAE04EC0-301F-11D3-BF4B-00C04F79EFBC}") = "BearAndBees", "BearAndBees\BearAndBees.csproj", "{6DB959E7-4AAF-415F-A617-88F34F4BA88E}"
EndProject
Global
	GlobalSection(SolutionConfigurationPlatforms) = preSolution
		Debug|Any CPU = Debug|Any CPU
		Release|Any CPU = Release|Any CPU
	EndGlobalSection
	GlobalSection(ProjectConfigurationPlatforms) = postSolution
		{6DB959E7-4AAF-415F-A617-88F34F4BA88E}.Debug|Any CPU.ActiveCfg = Debug|Any CPU
		{6DB959E7-4AAF-415F-A617-88F34F4BA88E}.Debug|Any CPU.Build.0 = Debug|Any CPU
		{6DB959E7-4AAF-415F-A617-88F34F4BA88E}.Release|Any CPU.ActiveCfg = Release|Any CPU
		{6DB959E7-4AAF-415F-A617-88F34F4BA88E}.Release|Any CPU.Build.0 = Release|Any CPU
	EndGlobalSection
	GlobalSection(SolutionProperties) = preSolution
		HideSolutionNode = FALSE
	EndGlobalSection
	GlobalSection(ExtensibilityGlobals) = postSolution
		SolutionGuid = {658A8F1C-21E0-46C0-A2B4-700E5566C6F2}
	EndGlobalSection
EndGlobal
