
Microsoft Visual Studio Solution File, Format Version 12.00
# Visual Studio Version 17
VisualStudioVersion = 17.3.32825.248
MinimumVisualStudioVersion = 10.0.40219.1
Project("{FAE04EC0-301F-11D3-BF4B-00C04F79EFBC}") = "Hamster", "Hamster\Hamster.csproj", "{9B380CEA-4208-477D-BA91-A22CE3670122}"
EndProject
Global
	GlobalSection(SolutionConfigurationPlatforms) = preSolution
		Debug|Any CPU = Debug|Any CPU
		Release|Any CPU = Release|Any CPU
	EndGlobalSection
	GlobalSection(ProjectConfigurationPlatforms) = postSolution
		{9B380CEA-4208-477D-BA91-A22CE3670122}.Debug|Any CPU.ActiveCfg = Debug|Any CPU
		{9B380CEA-4208-477D-BA91-A22CE3670122}.Debug|Any CPU.Build.0 = Debug|Any CPU
		{9B380CEA-4208-477D-BA91-A22CE3670122}.Release|Any CPU.ActiveCfg = Release|Any CPU
		{9B380CEA-4208-477D-BA91-A22CE3670122}.Release|Any CPU.Build.0 = Release|Any CPU
	EndGlobalSection
	GlobalSection(SolutionProperties) = preSolution
		HideSolutionNode = FALSE
	EndGlobalSection
	GlobalSection(ExtensibilityGlobals) = postSolution
		SolutionGuid = {35C7BDBD-B4C3-463E-98A4-86655213A9C2}
	EndGlobalSection
EndGlobal
