
Microsoft Visual Studio Solution File, Format Version 12.00
# Visual Studio Version 17
VisualStudioVersion = 17.3.32825.248
MinimumVisualStudioVersion = 10.0.40219.1
Project("{FAE04EC0-301F-11D3-BF4B-00C04F79EFBC}") = "Fraction", "Fraction\Fraction.csproj", "{20B5D89C-F2AB-48F7-84F5-5F019CBA3570}"
EndProject
Global
	GlobalSection(SolutionConfigurationPlatforms) = preSolution
		Debug|Any CPU = Debug|Any CPU
		Release|Any CPU = Release|Any CPU
	EndGlobalSection
	GlobalSection(ProjectConfigurationPlatforms) = postSolution
		{20B5D89C-F2AB-48F7-84F5-5F019CBA3570}.Debug|Any CPU.ActiveCfg = Debug|Any CPU
		{20B5D89C-F2AB-48F7-84F5-5F019CBA3570}.Debug|Any CPU.Build.0 = Debug|Any CPU
		{20B5D89C-F2AB-48F7-84F5-5F019CBA3570}.Release|Any CPU.ActiveCfg = Release|Any CPU
		{20B5D89C-F2AB-48F7-84F5-5F019CBA3570}.Release|Any CPU.Build.0 = Release|Any CPU
	EndGlobalSection
	GlobalSection(SolutionProperties) = preSolution
		HideSolutionNode = FALSE
	EndGlobalSection
	GlobalSection(ExtensibilityGlobals) = postSolution
		SolutionGuid = {602D4E8B-5F96-4E9B-AB27-239A0202BF02}
	EndGlobalSection
EndGlobal
