
Microsoft Visual Studio Solution File, Format Version 12.00
# Visual Studio Version 17
VisualStudioVersion = 17.3.32825.248
MinimumVisualStudioVersion = 10.0.40219.1
Project("{FAE04EC0-301F-11D3-BF4B-00C04F79EFBC}") = "FindTheDifferences", "FindTheDifferences\FindTheDifferences.csproj", "{CAD5E6BE-B84C-4D0C-B2C3-241BA02A59C2}"
EndProject
Global
	GlobalSection(SolutionConfigurationPlatforms) = preSolution
		Debug|Any CPU = Debug|Any CPU
		Release|Any CPU = Release|Any CPU
	EndGlobalSection
	GlobalSection(ProjectConfigurationPlatforms) = postSolution
		{CAD5E6BE-B84C-4D0C-B2C3-241BA02A59C2}.Debug|Any CPU.ActiveCfg = Debug|Any CPU
		{CAD5E6BE-B84C-4D0C-B2C3-241BA02A59C2}.Debug|Any CPU.Build.0 = Debug|Any CPU
		{CAD5E6BE-B84C-4D0C-B2C3-241BA02A59C2}.Release|Any CPU.ActiveCfg = Release|Any CPU
		{CAD5E6BE-B84C-4D0C-B2C3-241BA02A59C2}.Release|Any CPU.Build.0 = Release|Any CPU
	EndGlobalSection
	GlobalSection(SolutionProperties) = preSolution
		HideSolutionNode = FALSE
	EndGlobalSection
	GlobalSection(ExtensibilityGlobals) = postSolution
		SolutionGuid = {8B5D446F-7ED7-4F65-B9AC-B2C7EB58DC16}
	EndGlobalSection
EndGlobal
