
Microsoft Visual Studio Solution File, Format Version 12.00
# Visual Studio Version 17
VisualStudioVersion = 17.3.32825.248
MinimumVisualStudioVersion = 10.0.40219.1
Project("{FAE04EC0-301F-11D3-BF4B-00C04F79EFBC}") = "PersonSort", "PersonSort\PersonSort.csproj", "{2239A886-9375-4E63-8B2A-02F6236633F1}"
EndProject
Global
	GlobalSection(SolutionConfigurationPlatforms) = preSolution
		Debug|Any CPU = Debug|Any CPU
		Release|Any CPU = Release|Any CPU
	EndGlobalSection
	GlobalSection(ProjectConfigurationPlatforms) = postSolution
		{2239A886-9375-4E63-8B2A-02F6236633F1}.Debug|Any CPU.ActiveCfg = Debug|Any CPU
		{2239A886-9375-4E63-8B2A-02F6236633F1}.Debug|Any CPU.Build.0 = Debug|Any CPU
		{2239A886-9375-4E63-8B2A-02F6236633F1}.Release|Any CPU.ActiveCfg = Release|Any CPU
		{2239A886-9375-4E63-8B2A-02F6236633F1}.Release|Any CPU.Build.0 = Release|Any CPU
	EndGlobalSection
	GlobalSection(SolutionProperties) = preSolution
		HideSolutionNode = FALSE
	EndGlobalSection
	GlobalSection(ExtensibilityGlobals) = postSolution
		SolutionGuid = {9B762131-29D7-4E23-8FFD-6DD1D17C2BC1}
	EndGlobalSection
EndGlobal
